
Microsoft Visual Studio Solution File, Format Version 12.00
# Visual Studio Version 17
VisualStudioVersion = 17.14.36221.1 d17.14
MinimumVisualStudioVersion = 10.0.40219.1
Project("{FAE04EC0-301F-11D3-BF4B-00C04F79EFBC}") = "123iSiP_Rodionov", "123iSiP_Rodionov\123iSiP_Rodionov.csproj", "{D548A95F-E600-43D5-A7E4-80389AB497FC}"
EndProject
Global
	GlobalSection(SolutionConfigurationPlatforms) = preSolution
		Debug|Any CPU = Debug|Any CPU
		Release|Any CPU = Release|Any CPU
	EndGlobalSection
	GlobalSection(ProjectConfigurationPlatforms) = postSolution
		{D548A95F-E600-43D5-A7E4-80389AB497FC}.Debug|Any CPU.ActiveCfg = Debug|Any CPU
		{D548A95F-E600-43D5-A7E4-80389AB497FC}.Debug|Any CPU.Build.0 = Debug|Any CPU
		{D548A95F-E600-43D5-A7E4-80389AB497FC}.Release|Any CPU.ActiveCfg = Release|Any CPU
		{D548A95F-E600-43D5-A7E4-80389AB497FC}.Release|Any CPU.Build.0 = Release|Any CPU
	EndGlobalSection
	GlobalSection(SolutionProperties) = preSolution
		HideSolutionNode = FALSE
	EndGlobalSection
	GlobalSection(ExtensibilityGlobals) = postSolution
		SolutionGuid = {EBFF7076-4AA2-4DCB-996A-926504658122}
	EndGlobalSection
EndGlobal
