
Microsoft Visual Studio Solution File, Format Version 12.00
# Visual Studio Version 17
VisualStudioVersion = 17.14.36616.10 d17.14
MinimumVisualStudioVersion = 10.0.40219.1
Project("{FAE04EC0-301F-11D3-BF4B-00C04F79EFBC}") = "prac7", "prac7\prac7.csproj", "{EC26DC6F-414D-4835-A960-E32D09131203}"
EndProject
Global
	GlobalSection(SolutionConfigurationPlatforms) = preSolution
		Debug|Any CPU = Debug|Any CPU
		Release|Any CPU = Release|Any CPU
	EndGlobalSection
	GlobalSection(ProjectConfigurationPlatforms) = postSolution
		{EC26DC6F-414D-4835-A960-E32D09131203}.Debug|Any CPU.ActiveCfg = Debug|Any CPU
		{EC26DC6F-414D-4835-A960-E32D09131203}.Debug|Any CPU.Build.0 = Debug|Any CPU
		{EC26DC6F-414D-4835-A960-E32D09131203}.Release|Any CPU.ActiveCfg = Release|Any CPU
		{EC26DC6F-414D-4835-A960-E32D09131203}.Release|Any CPU.Build.0 = Release|Any CPU
	EndGlobalSection
	GlobalSection(SolutionProperties) = preSolution
		HideSolutionNode = FALSE
	EndGlobalSection
	GlobalSection(ExtensibilityGlobals) = postSolution
		SolutionGuid = {288221FF-FBAD-4BB4-9E90-AE38F5BAF6EB}
	EndGlobalSection
EndGlobal
